
Microsoft Visual Studio Solution File, Format Version 12.00
# Visual Studio Version 17
VisualStudioVersion = 17.14.36301.6 d17.14
MinimumVisualStudioVersion = 10.0.40219.1
Project("{FAE04EC0-301F-11D3-BF4B-00C04F79EFBC}") = "OraclePasswordManager", "OraclePasswordManager.csproj", "{C1041466-8E47-46B8-880A-278F7E7B3C6C}"
EndProject
Global
	GlobalSection(SolutionConfigurationPlatforms) = preSolution
		Debug|Any CPU = Debug|Any CPU
		Release|Any CPU = Release|Any CPU
	EndGlobalSection
	GlobalSection(ProjectConfigurationPlatforms) = postSolution
		{C1041466-8E47-46B8-880A-278F7E7B3C6C}.Debug|Any CPU.ActiveCfg = Debug|Any CPU
		{C1041466-8E47-46B8-880A-278F7E7B3C6C}.Debug|Any CPU.Build.0 = Debug|Any CPU
		{C1041466-8E47-46B8-880A-278F7E7B3C6C}.Release|Any CPU.ActiveCfg = Release|Any CPU
		{C1041466-8E47-46B8-880A-278F7E7B3C6C}.Release|Any CPU.Build.0 = Release|Any CPU
	EndGlobalSection
	GlobalSection(SolutionProperties) = preSolution
		HideSolutionNode = FALSE
	EndGlobalSection
	GlobalSection(ExtensibilityGlobals) = postSolution
		SolutionGuid = {3EF09C39-DA8C-4295-9478-1ADBA165928F}
	EndGlobalSection
EndGlobal
